github.com/dolmen-go/kittyimg v0.0.0-20250610224728-874967bd8ea4 h1:KGRb+vxMx5pGsfDjDSW2Th+b2OEflb0yC3s0daCmiYU=
github.com/dolmen-go/kittyimg v0.0.0-20250610224728-874967bd8ea4/go.mod h1:2vk7ATPVcI7uW4Sh6PrSQvtO+Czmq8509xcg/y8Osd0=
github.com/joho/godotenv v1.5.1 h1:7eLL/+HRGLY0ldzfGMeQkb7vMd0as4CfYvUVzLqw0N0=
github.com/joho/godotenv v1.5.1/go.mod h1:f4LDr5Voq0i2e/R5DDNOoa2zzDfwtkZa6DnEwAbqwq4=
